
Microsoft Visual Studio Solution File, Format Version 12.00
# Visual Studio Version 17
VisualStudioVersion = 17.3.32901.215
MinimumVisualStudioVersion = 10.0.40219.1
Project("{9A19103F-16F7-4668-BE54-9A1E7A4F7556}") = "ClienteUDPNotificaciones", "ClienteUDPNotificaciones\ClienteUDPNotificaciones.csproj", "{13E3E624-A151-461A-B81E-429618374978}"
EndProject
Project("{FAE04EC0-301F-11D3-BF4B-00C04F79EFBC}") = "ServidorUDPNotificaciones", "ServidorUDPNotificaciones\ServidorUDPNotificaciones.csproj", "{CBA7D54C-775C-4B16-82F8-1C6E70C1FCAE}"
EndProject
Global
	GlobalSection(SolutionConfigurationPlatforms) = preSolution
		Debug|Any CPU = Debug|Any CPU
		Release|Any CPU = Release|Any CPU
	EndGlobalSection
	GlobalSection(ProjectConfigurationPlatforms) = postSolution
		{13E3E624-A151-461A-B81E-429618374978}.Debug|Any CPU.ActiveCfg = Debug|Any CPU
		{13E3E624-A151-461A-B81E-429618374978}.Debug|Any CPU.Build.0 = Debug|Any CPU
		{13E3E624-A151-461A-B81E-429618374978}.Release|Any CPU.ActiveCfg = Release|Any CPU
		{13E3E624-A151-461A-B81E-429618374978}.Release|Any CPU.Build.0 = Release|Any CPU
		{CBA7D54C-775C-4B16-82F8-1C6E70C1FCAE}.Debug|Any CPU.ActiveCfg = Debug|Any CPU
		{CBA7D54C-775C-4B16-82F8-1C6E70C1FCAE}.Debug|Any CPU.Build.0 = Debug|Any CPU
		{CBA7D54C-775C-4B16-82F8-1C6E70C1FCAE}.Release|Any CPU.ActiveCfg = Release|Any CPU
		{CBA7D54C-775C-4B16-82F8-1C6E70C1FCAE}.Release|Any CPU.Build.0 = Release|Any CPU
	EndGlobalSection
	GlobalSection(SolutionProperties) = preSolution
		HideSolutionNode = FALSE
	EndGlobalSection
	GlobalSection(ExtensibilityGlobals) = postSolution
		SolutionGuid = {D4E22103-910B-40BA-8D40-EAB6157F38FE}
	EndGlobalSection
EndGlobal
